
Microsoft Visual Studio Solution File, Format Version 12.00
# Visual Studio Version 16
VisualStudioVersion = 16.0.32407.337
MinimumVisualStudioVersion = 10.0.40219.1
Project("{FAE04EC0-301F-11D3-BF4B-00C04F79EFBC}") = "API_TAREFAS", "API_TAREFAS.csproj", "{0B088065-C183-4509-8D67-4BAEE326FCE9}"
EndProject
Global
	GlobalSection(SolutionConfigurationPlatforms) = preSolution
		Debug|Any CPU = Debug|Any CPU
		Release|Any CPU = Release|Any CPU
	EndGlobalSection
	GlobalSection(ProjectConfigurationPlatforms) = postSolution
		{0B088065-C183-4509-8D67-4BAEE326FCE9}.Debug|Any CPU.ActiveCfg = Debug|Any CPU
		{0B088065-C183-4509-8D67-4BAEE326FCE9}.Debug|Any CPU.Build.0 = Debug|Any CPU
		{0B088065-C183-4509-8D67-4BAEE326FCE9}.Release|Any CPU.ActiveCfg = Release|Any CPU
		{0B088065-C183-4509-8D67-4BAEE326FCE9}.Release|Any CPU.Build.0 = Release|Any CPU
	EndGlobalSection
	GlobalSection(SolutionProperties) = preSolution
		HideSolutionNode = FALSE
	EndGlobalSection
	GlobalSection(ExtensibilityGlobals) = postSolution
		SolutionGuid = {99C1EFF8-924D-43B9-875E-6AB9D8072679}
	EndGlobalSection
EndGlobal
